{
  "requires": true,
  "lockfileVersion": 1,
  "dependencies": {
    "types-registry": {
      "version": "0.1.462",
      "resolved": "https://registry.npmjs.org/types-registry/-/types-registry-0.1.462.tgz",
      "integrity": "sha512-6b9WlvRg8ZwpfwfFMTw6LPIw3As4KnQqGxugrqIdlYbz2gl1F/mJ/ZNNe9WsUr5HDisBxVOqMcf+f+IAC9n8SQ=="
    }
  }
}
