{
  "requires": true,
  "lockfileVersion": 1,
  "dependencies": {
    "types-registry": {
      "version": "0.1.446",
      "resolved": "https://registry.npmjs.org/types-registry/-/types-registry-0.1.446.tgz",
      "integrity": "sha512-aNKNybhzCihUHAehKO2KtQAj3iRo/egLlAxcwUXoGeq1E9MCXGF0ChPzN8Tkg3iEJ45xFxiCjrnsU2aYn6YbmA=="
    }
  }
}
